
Microsoft Visual Studio Solution File, Format Version 12.00
# Visual Studio Version 16
VisualStudioVersion = 16.0.31112.23
MinimumVisualStudioVersion = 10.0.40219.1
Project("{FAE04EC0-301F-11D3-BF4B-00C04F79EFBC}") = "SerializeProgram", "SerializeProgram.csproj", "{3F49776B-F5A8-4CC3-BB5D-0E1472043138}"
EndProject
Project("{FAE04EC0-301F-11D3-BF4B-00C04F79EFBC}") = "ObjectSerializeLib", "..\ObjectSerializeLib\ObjectSerializeLib.csproj", "{B2AE4CE6-20CE-4E3D-A379-8416BE76F401}"
EndProject
Project("{FAE04EC0-301F-11D3-BF4B-00C04F79EFBC}") = "DeserializeProgram", "..\DeserializeProgram\DeserializeProgram.csproj", "{88A9DEF7-8105-4DC2-95D1-5CB1725FE1DE}"
EndProject
Global
	GlobalSection(SolutionConfigurationPlatforms) = preSolution
		Debug|Any CPU = Debug|Any CPU
		Release|Any CPU = Release|Any CPU
	EndGlobalSection
	GlobalSection(ProjectConfigurationPlatforms) = postSolution
		{3F49776B-F5A8-4CC3-BB5D-0E1472043138}.Debug|Any CPU.ActiveCfg = Debug|Any CPU
		{3F49776B-F5A8-4CC3-BB5D-0E1472043138}.Debug|Any CPU.Build.0 = Debug|Any CPU
		{3F49776B-F5A8-4CC3-BB5D-0E1472043138}.Release|Any CPU.ActiveCfg = Release|Any CPU
		{3F49776B-F5A8-4CC3-BB5D-0E1472043138}.Release|Any CPU.Build.0 = Release|Any CPU
		{B2AE4CE6-20CE-4E3D-A379-8416BE76F401}.Debug|Any CPU.ActiveCfg = Debug|Any CPU
		{B2AE4CE6-20CE-4E3D-A379-8416BE76F401}.Debug|Any CPU.Build.0 = Debug|Any CPU
		{B2AE4CE6-20CE-4E3D-A379-8416BE76F401}.Release|Any CPU.ActiveCfg = Release|Any CPU
		{B2AE4CE6-20CE-4E3D-A379-8416BE76F401}.Release|Any CPU.Build.0 = Release|Any CPU
		{88A9DEF7-8105-4DC2-95D1-5CB1725FE1DE}.Debug|Any CPU.ActiveCfg = Debug|Any CPU
		{88A9DEF7-8105-4DC2-95D1-5CB1725FE1DE}.Debug|Any CPU.Build.0 = Debug|Any CPU
		{88A9DEF7-8105-4DC2-95D1-5CB1725FE1DE}.Release|Any CPU.ActiveCfg = Release|Any CPU
		{88A9DEF7-8105-4DC2-95D1-5CB1725FE1DE}.Release|Any CPU.Build.0 = Release|Any CPU
	EndGlobalSection
	GlobalSection(SolutionProperties) = preSolution
		HideSolutionNode = FALSE
	EndGlobalSection
	GlobalSection(ExtensibilityGlobals) = postSolution
		SolutionGuid = {F7DC42BA-7773-4462-B1A7-7AE7B4EB586E}
	EndGlobalSection
EndGlobal
